
Microsoft Visual Studio Solution File, Format Version 12.00
# Visual Studio Version 16
VisualStudioVersion = 16.0.28803.452
MinimumVisualStudioVersion = 10.0.40219.1
Project("{FAE04EC0-301F-11D3-BF4B-00C04F79EFBC}") = "EmailValidation.Tests", "EmailValidation.Tests\EmailValidation.Tests.csproj", "{FD88BC67-99E6-453E-B3C2-2F40A6AF17DC}"
EndProject
Project("{FAE04EC0-301F-11D3-BF4B-00C04F79EFBC}") = "EmailValidation", "ConsoleApp1\EmailValidation.csproj", "{A8CEE40A-28E7-494B-9F05-0934F4373B12}"
EndProject
Project("{2150E333-8FDC-42A3-9474-1A3956D46DE8}") = "Email", "Email", "{78BDA592-92E8-420C-8966-19D1200576D9}"
EndProject
Project("{FAE04EC0-301F-11D3-BF4B-00C04F79EFBC}") = "Switcharoo", "Switcharoo\Switcharoo.csproj", "{B7DAE250-F37E-4D07-B898-3191D5D2800A}"
EndProject
Project("{FAE04EC0-301F-11D3-BF4B-00C04F79EFBC}") = "Switcharoo.Tests", "Switcharoo.Tests\Switcharoo.Tests.csproj", "{3EB75E6C-3DE1-445E-88AB-29CC9148E715}"
EndProject
Global
	GlobalSection(SolutionConfigurationPlatforms) = preSolution
		Debug|Any CPU = Debug|Any CPU
		Release|Any CPU = Release|Any CPU
	EndGlobalSection
	GlobalSection(ProjectConfigurationPlatforms) = postSolution
		{FD88BC67-99E6-453E-B3C2-2F40A6AF17DC}.Debug|Any CPU.ActiveCfg = Debug|Any CPU
		{FD88BC67-99E6-453E-B3C2-2F40A6AF17DC}.Debug|Any CPU.Build.0 = Debug|Any CPU
		{FD88BC67-99E6-453E-B3C2-2F40A6AF17DC}.Release|Any CPU.ActiveCfg = Release|Any CPU
		{FD88BC67-99E6-453E-B3C2-2F40A6AF17DC}.Release|Any CPU.Build.0 = Release|Any CPU
		{A8CEE40A-28E7-494B-9F05-0934F4373B12}.Debug|Any CPU.ActiveCfg = Debug|Any CPU
		{A8CEE40A-28E7-494B-9F05-0934F4373B12}.Debug|Any CPU.Build.0 = Debug|Any CPU
		{A8CEE40A-28E7-494B-9F05-0934F4373B12}.Release|Any CPU.ActiveCfg = Release|Any CPU
		{A8CEE40A-28E7-494B-9F05-0934F4373B12}.Release|Any CPU.Build.0 = Release|Any CPU
		{B7DAE250-F37E-4D07-B898-3191D5D2800A}.Debug|Any CPU.ActiveCfg = Debug|Any CPU
		{B7DAE250-F37E-4D07-B898-3191D5D2800A}.Debug|Any CPU.Build.0 = Debug|Any CPU
		{B7DAE250-F37E-4D07-B898-3191D5D2800A}.Release|Any CPU.ActiveCfg = Release|Any CPU
		{B7DAE250-F37E-4D07-B898-3191D5D2800A}.Release|Any CPU.Build.0 = Release|Any CPU
		{3EB75E6C-3DE1-445E-88AB-29CC9148E715}.Debug|Any CPU.ActiveCfg = Debug|Any CPU
		{3EB75E6C-3DE1-445E-88AB-29CC9148E715}.Debug|Any CPU.Build.0 = Debug|Any CPU
		{3EB75E6C-3DE1-445E-88AB-29CC9148E715}.Release|Any CPU.ActiveCfg = Release|Any CPU
		{3EB75E6C-3DE1-445E-88AB-29CC9148E715}.Release|Any CPU.Build.0 = Release|Any CPU
	EndGlobalSection
	GlobalSection(SolutionProperties) = preSolution
		HideSolutionNode = FALSE
	EndGlobalSection
	GlobalSection(NestedProjects) = preSolution
		{FD88BC67-99E6-453E-B3C2-2F40A6AF17DC} = {78BDA592-92E8-420C-8966-19D1200576D9}
		{A8CEE40A-28E7-494B-9F05-0934F4373B12} = {78BDA592-92E8-420C-8966-19D1200576D9}
	EndGlobalSection
	GlobalSection(ExtensibilityGlobals) = postSolution
		SolutionGuid = {AB9D1155-CA5E-4F31-A6A7-AF6FF0E16501}
	EndGlobalSection
EndGlobal
